<?xml version="1.0" encoding="utf-8"?>
<Project ToolsVersion="4.0" xmlns="http://schemas.microsoft.com/developer/msbuild/2003">
  <ItemGroup>
    <Filter Include="Source Files">
      <UniqueIdentifier>{4FC737F1-C7A5-4376-A066-2A32D752A2FF}</UniqueIdentifier>
      <Extensions>cpp;c;cc;cxx;def;odl;idl;hpj;bat;asm;asmx</Extensions>
    </Filter>
    <Filter Include="Header Files">
      <UniqueIdentifier>{93995380-89BD-4b04-88EB-625FBE52EBFB}</UniqueIdentifier>
      <Extensions>h;hpp;hxx;hm;inl;inc;xsd</Extensions>
    </Filter>
    <Filter Include="Resource Files">
      <UniqueIdentifier>{67DA6AB6-F800-4c08-8B7A-83BB121AAD01}</UniqueIdentifier>
      <Extensions>rc;ico;cur;bmp;dlg;rc2;rct;bin;rgs;gif;jpg;jpeg;jpe;resx;tiff;tif;png;wav</Extensions>
    </Filter>
  </ItemGroup>
  <ItemGroup>
    <ClInclude Include="WindowIDs.h">
      <Filter>Header Files</Filter>
    </ClInclude>
    <ClInclude Include="sqlite3.h">
      <Filter>Header Files</Filter>
    </ClInclude>
    <ClInclude Include="sqlite3userauth.h">
      <Filter>Header Files</Filter>
    </ClInclude>
    <ClInclude Include="wxsqlite3.h">
      <Filter>Header Files</Filter>
    </ClInclude>
    <ClInclude Include="wxsqlite3def.h">
      <Filter>Header Files</Filter>
    </ClInclude>
    <ClInclude Include="wxsqlite3dyn.h">
      <Filter>Header Files</Filter>
    </ClInclude>
    <ClInclude Include="wxsqlite3opt.h">
      <Filter>Header Files</Filter>
    </ClInclude>
    <ClInclude Include="dataGrid.h">
      <Filter>Header Files</Filter>
    </ClInclude>
    <ClInclude Include="EDLWirelessMain.h">
      <Filter>Header Files</Filter>
    </ClInclude>
    <ClInclude Include="databaseSelection.h">
      <Filter>Header Files</Filter>
    </ClInclude>
    <ClInclude Include="SplashScreen.h">
      <Filter>Header Files</Filter>
    </ClInclude>
    <ClInclude Include="metrologydb.h">
      <Filter>Header Files</Filter>
    </ClInclude>
    <ClInclude Include="sensordb.h">
      <Filter>Header Files</Filter>
    </ClInclude>
    <ClInclude Include="miscdb.h">
      <Filter>Header Files</Filter>
    </ClInclude>
    <ClInclude Include="loginDialogue.h">
      <Filter>Header Files</Filter>
    </ClInclude>
    <ClInclude Include="repairDialogue.h">
      <Filter>Header Files</Filter>
    </ClInclude>
    <ClInclude Include="digitaldb.h">
      <Filter>Header Files</Filter>
    </ClInclude>
    <ClInclude Include="Office.h">
      <Filter>Header Files</Filter>
    </ClInclude>
    <ClInclude Include="BasicExcel.hpp">
      <Filter>Header Files</Filter>
    </ClInclude>
    <ClInclude Include="ExcelFormat.h">
      <Filter>Header Files</Filter>
    </ClInclude>
    <ClInclude Include="Archive.h">
      <Filter>Header Files</Filter>
    </ClInclude>
  </ItemGroup>
  <ItemGroup>
    <ClCompile Include="wxsqlite3.cpp">
      <Filter>Source Files</Filter>
    </ClCompile>
    <ClCompile Include="sqlite3.c">
      <Filter>Source Files</Filter>
    </ClCompile>
    <ClCompile Include="dataGrid.cpp">
      <Filter>Source Files</Filter>
    </ClCompile>
    <ClCompile Include="EDLWirelessMain.cpp">
      <Filter>Source Files</Filter>
    </ClCompile>
    <ClCompile Include="databaseSelection.cpp">
      <Filter>Source Files</Filter>
    </ClCompile>
    <ClCompile Include="SplashScreen.cpp">
      <Filter>Source Files</Filter>
    </ClCompile>
    <ClCompile Include="metrologydb.cpp">
      <Filter>Source Files</Filter>
    </ClCompile>
    <ClCompile Include="sensordb.cpp">
      <Filter>Source Files</Filter>
    </ClCompile>
    <ClCompile Include="miscdb.cpp">
      <Filter>Source Files</Filter>
    </ClCompile>
    <ClCompile Include="loginDialogue.cpp">
      <Filter>Source Files</Filter>
    </ClCompile>
    <ClCompile Include="digitaldb.cpp">
      <Filter>Source Files</Filter>
    </ClCompile>
    <ClCompile Include="Office.cpp">
      <Filter>Source Files</Filter>
    </ClCompile>
    <ClCompile Include="Archive.cpp">
      <Filter>Source Files</Filter>
    </ClCompile>
  </ItemGroup>
  <ItemGroup>
    <ResourceCompile Include="EDLWireless.rc">
      <Filter>Resource Files</Filter>
    </ResourceCompile>
  </ItemGroup>
</Project>